{
  "version": 4,
  "terraform_version": "1.9.5",
  "serial": 159,
  "lineage": "452ebf4a-4364-b22a-9b6b-22695fa442ce",
  "outputs": {
    "load_balancer_dns": {
      "value": "connectus-lb-565827777.us-west-1.elb.amazonaws.com",
      "type": "string"
    }
  },
  "resources": [
    {
      "mode": "managed",
      "type": "aws_autoscaling_group",
      "name": "app_server_asg",
      "provider": "provider[\"registry.terraform.io/hashicorp/aws\"]",
      "instances": [
        {
          "schema_version": 1,
          "attributes": {
            "arn": "arn:aws:autoscaling:us-west-1:767828753202:autoScalingGroup:125ef9c5-fea9-4ccf-a0b2-35425b05f944:autoScalingGroupName/terraform-20241204032654672400000005",
            "availability_zones": [
              "us-west-1a"
            ],
            "capacity_rebalance": false,
            "context": "",
            "default_cooldown": 300,
            "default_instance_warmup": 0,
            "desired_capacity": 2,
            "desired_capacity_type": "",
            "enabled_metrics": [],
            "force_delete": false,
            "force_delete_warm_pool": false,
            "health_check_grace_period": 300,
            "health_check_type": "EC2",
            "id": "terraform-20241204032654672400000005",
            "ignore_failed_scaling_activities": false,
            "initial_lifecycle_hook": [],
            "instance_maintenance_policy": [],
            "instance_refresh": [],
            "launch_configuration": "",
            "launch_template": [
              {
                "id": "lt-025a92c7caffc9677",
                "name": "connectus-app-server20241204032654417400000003",
                "version": "$Latest"
              }
            ],
            "load_balancers": [],
            "max_instance_lifetime": 0,
            "max_size": 4,
            "metrics_granularity": "1Minute",
            "min_elb_capacity": null,
            "min_size": 1,
            "mixed_instances_policy": [],
            "name": "terraform-20241204032654672400000005",
            "name_prefix": "terraform-",
            "placement_group": "",
            "predicted_capacity": 0,
            "protect_from_scale_in": false,
            "service_linked_role_arn": "arn:aws:iam::767828753202:role/aws-service-role/autoscaling.amazonaws.com/AWSServiceRoleForAutoScaling",
            "suspended_processes": [],
            "tag": [
              {
                "key": "Name",
                "propagate_at_launch": true,
                "value": "ConnectUsAppServer"
              }
            ],
            "target_group_arns": [],
            "termination_policies": [],
            "timeouts": null,
            "traffic_source": [],
            "vpc_zone_identifier": [
              "subnet-0926e07e4a112ff53"
            ],
            "wait_for_capacity_timeout": "0",
            "wait_for_elb_capacity": null,
            "warm_pool": [],
            "warm_pool_size": 0
          },
          "sensitive_attributes": [],
          "private": "eyJlMmJmYjczMC1lY2FhLTExZTYtOGY4OC0zNDM2M2JjN2M0YzAiOnsiZGVsZXRlIjo2MDAwMDAwMDAwMDAsInVwZGF0ZSI6NjAwMDAwMDAwMDAwfSwic2NoZW1hX3ZlcnNpb24iOiIxIn0=",
          "dependencies": [
            "aws_key_pair.key_pair",
            "aws_launch_template.app_server_launch",
            "aws_security_group.connectus_sg",
            "aws_subnet.connectus_subnet",
            "aws_vpc.connectus_vpc",
            "tls_private_key.key"
          ]
        }
      ]
    },
    {
      "mode": "managed",
      "type": "aws_cloudwatch_log_group",
      "name": "connectus_log_group",
      "provider": "provider[\"registry.terraform.io/hashicorp/aws\"]",
      "instances": [
        {
          "schema_version": 0,
          "attributes": {
            "arn": "arn:aws:logs:us-west-1:767828753202:log-group:connectus-log-group",
            "id": "connectus-log-group",
            "kms_key_id": "",
            "log_group_class": "STANDARD",
            "name": "connectus-log-group",
            "name_prefix": "",
            "retention_in_days": 0,
            "skip_destroy": false,
            "tags": {},
            "tags_all": {}
          },
          "sensitive_attributes": [],
          "private": "bnVsbA=="
        }
      ]
    },
    {
      "mode": "managed",
      "type": "aws_cloudwatch_metric_alarm",
      "name": "connectus_alarm",
      "provider": "provider[\"registry.terraform.io/hashicorp/aws\"]",
      "instances": [
        {
          "schema_version": 1,
          "attributes": {
            "actions_enabled": true,
            "alarm_actions": [],
            "alarm_description": "This alarm monitors high CPU usage for instances behind the load balancer.",
            "alarm_name": "HighCPUUtilization",
            "arn": "arn:aws:cloudwatch:us-west-1:767828753202:alarm:HighCPUUtilization",
            "comparison_operator": "GreaterThanThreshold",
            "datapoints_to_alarm": 0,
            "dimensions": {
              "LoadBalancerName": "arn:aws:elasticloadbalancing:us-west-1:767828753202:loadbalancer/app/connectus-lb/2247222d493ef451"
            },
            "evaluate_low_sample_count_percentiles": "",
            "evaluation_periods": 1,
            "extended_statistic": "",
            "id": "HighCPUUtilization",
            "insufficient_data_actions": [],
            "metric_name": "CPUUtilization",
            "metric_query": [],
            "namespace": "AWS/EC2",
            "ok_actions": [],
            "period": 60,
            "statistic": "Average",
            "tags": {},
            "tags_all": {},
            "threshold": 80,
            "threshold_metric_id": "",
            "treat_missing_data": "missing",
            "unit": ""
          },
          "sensitive_attributes": [],
          "private": "eyJzY2hlbWFfdmVyc2lvbiI6IjEifQ==",
          "dependencies": [
            "aws_lb.connectus_lb",
            "aws_security_group.connectus_sg",
            "aws_subnet.connectus_subnet",
            "aws_subnet.connectus_subnet_2",
            "aws_vpc.connectus_vpc"
          ]
        }
      ]
    },
    {
      "mode": "managed",
      "type": "aws_db_instance",
      "name": "connectus_postgresql",
      "provider": "provider[\"registry.terraform.io/hashicorp/aws\"]",
      "instances": [
        {
          "schema_version": 2,
          "attributes": {
            "address": "connectus-postgresql-db.c7qu6eouovqj.us-west-1.rds.amazonaws.com",
            "allocated_storage": 20,
            "allow_major_version_upgrade": null,
            "apply_immediately": false,
            "arn": "arn:aws:rds:us-west-1:767828753202:db:connectus-postgresql-db",
            "auto_minor_version_upgrade": true,
            "availability_zone": "us-west-1a",
            "backup_retention_period": 0,
            "backup_target": "region",
            "backup_window": "08:35-09:05",
            "blue_green_update": [],
            "ca_cert_identifier": "rds-ca-rsa2048-g1",
            "character_set_name": "",
            "copy_tags_to_snapshot": false,
            "custom_iam_instance_profile": "",
            "customer_owned_ip_enabled": false,
            "db_name": "connectusdb",
            "db_subnet_group_name": "connectus-db-subnet-group",
            "delete_automated_backups": true,
            "deletion_protection": false,
            "domain": "",
            "domain_auth_secret_arn": "",
            "domain_dns_ips": [],
            "domain_fqdn": "",
            "domain_iam_role_name": "",
            "domain_ou": "",
            "enabled_cloudwatch_logs_exports": [],
            "endpoint": "connectus-postgresql-db.c7qu6eouovqj.us-west-1.rds.amazonaws.com:5432",
            "engine": "postgres",
            "engine_version": "13",
            "engine_version_actual": "13.15",
            "final_snapshot_identifier": null,
            "hosted_zone_id": "Z10WI91S59XXQN",
            "iam_database_authentication_enabled": false,
            "id": "db-SWPTLQZ6DHUUUIASEJANPN4VAQ",
            "identifier": "connectus-postgresql-db",
            "identifier_prefix": "",
            "instance_class": "db.t3.micro",
            "iops": 0,
            "kms_key_id": "",
            "latest_restorable_time": "",
            "license_model": "postgresql-license",
            "listener_endpoint": [],
            "maintenance_window": "fri:09:43-fri:10:13",
            "manage_master_user_password": null,
            "master_user_secret": [],
            "master_user_secret_kms_key_id": null,
            "max_allocated_storage": 0,
            "monitoring_interval": 0,
            "monitoring_role_arn": "",
            "multi_az": false,
            "nchar_character_set_name": "",
            "network_type": "IPV4",
            "option_group_name": "default:postgres-13",
            "parameter_group_name": "default.postgres13",
            "password": "NotUberSecretPassword",
            "performance_insights_enabled": false,
            "performance_insights_kms_key_id": "",
            "performance_insights_retention_period": 0,
            "port": 5432,
            "publicly_accessible": true,
            "replica_mode": "",
            "replicas": [],
            "replicate_source_db": "",
            "resource_id": "db-SWPTLQZ6DHUUUIASEJANPN4VAQ",
            "restore_to_point_in_time": [],
            "s3_import": [],
            "skip_final_snapshot": false,
            "snapshot_identifier": null,
            "status": "available",
            "storage_encrypted": false,
            "storage_throughput": 0,
            "storage_type": "gp2",
            "tags": {},
            "tags_all": {},
            "timeouts": null,
            "timezone": "",
            "username": "connectUs_master",
            "vpc_security_group_ids": [
              "sg-07377b1b0dafc1e65"
            ]
          },
          "sensitive_attributes": [
            [
              {
                "type": "get_attr",
                "value": "password"
              }
            ]
          ],
          "private": "eyJlMmJmYjczMC1lY2FhLTExZTYtOGY4OC0zNDM2M2JjN2M0YzAiOnsiY3JlYXRlIjoyNDAwMDAwMDAwMDAwLCJkZWxldGUiOjM2MDAwMDAwMDAwMDAsInVwZGF0ZSI6NDgwMDAwMDAwMDAwMH0sInNjaGVtYV92ZXJzaW9uIjoiMiJ9",
          "dependencies": [
            "aws_db_subnet_group.connectus_db_subnet_group",
            "aws_security_group.connectus_sg",
            "aws_subnet.connectus_subnet",
            "aws_subnet.connectus_subnet_2",
            "aws_vpc.connectus_vpc"
          ]
        }
      ]
    },
    {
      "mode": "managed",
      "type": "aws_db_subnet_group",
      "name": "connectus_db_subnet_group",
      "provider": "provider[\"registry.terraform.io/hashicorp/aws\"]",
      "instances": [
        {
          "schema_version": 0,
          "attributes": {
            "arn": "arn:aws:rds:us-west-1:767828753202:subgrp:connectus-db-subnet-group",
            "description": "Subnet group for ConnectUs database",
            "id": "connectus-db-subnet-group",
            "name": "connectus-db-subnet-group",
            "name_prefix": "",
            "subnet_ids": [
              "subnet-0926e07e4a112ff53",
              "subnet-0ed13569f4ab34300"
            ],
            "supported_network_types": [
              "IPV4"
            ],
            "tags": {},
            "tags_all": {},
            "vpc_id": "vpc-011f925bcc27bb2d2"
          },
          "sensitive_attributes": [],
          "private": "bnVsbA==",
          "dependencies": [
            "aws_subnet.connectus_subnet",
            "aws_subnet.connectus_subnet_2",
            "aws_vpc.connectus_vpc"
          ]
        }
      ]
    },
    {
      "mode": "managed",
      "type": "aws_dynamodb_table",
      "name": "connectus_dynamodb",
      "provider": "provider[\"registry.terraform.io/hashicorp/aws\"]",
      "instances": [
        {
          "schema_version": 1,
          "attributes": {
            "arn": "arn:aws:dynamodb:us-west-1:767828753202:table/connectus-table",
            "attribute": [
              {
                "name": "connectUs_master",
                "type": "S"
              }
            ],
            "billing_mode": "PROVISIONED",
            "deletion_protection_enabled": false,
            "global_secondary_index": [],
            "hash_key": "connectUs_master",
            "id": "connectus-table",
            "import_table": [],
            "local_secondary_index": [],
            "name": "connectus-table",
            "point_in_time_recovery": [
              {
                "enabled": false
              }
            ],
            "range_key": null,
            "read_capacity": 5,
            "replica": [],
            "restore_date_time": null,
            "restore_source_name": null,
            "restore_to_latest_time": null,
            "server_side_encryption": [],
            "stream_arn": "",
            "stream_enabled": false,
            "stream_label": "",
            "stream_view_type": "",
            "table_class": "STANDARD",
            "tags": {},
            "tags_all": {},
            "timeouts": null,
            "ttl": [
              {
                "attribute_name": "",
                "enabled": false
              }
            ],
            "write_capacity": 5
          },
          "sensitive_attributes": [],
          "private": "eyJlMmJmYjczMC1lY2FhLTExZTYtOGY4OC0zNDM2M2JjN2M0YzAiOnsiY3JlYXRlIjoxODAwMDAwMDAwMDAwLCJkZWxldGUiOjYwMDAwMDAwMDAwMCwidXBkYXRlIjozNjAwMDAwMDAwMDAwfSwic2NoZW1hX3ZlcnNpb24iOiIxIn0="
        }
      ]
    },
    {
      "mode": "managed",
      "type": "aws_ecs_cluster",
      "name": "connectus_ecs_cluster",
      "provider": "provider[\"registry.terraform.io/hashicorp/aws\"]",
      "instances": [
        {
          "schema_version": 0,
          "attributes": {
            "arn": "arn:aws:ecs:us-west-1:767828753202:cluster/connectus-cluster",
            "configuration": [],
            "id": "arn:aws:ecs:us-west-1:767828753202:cluster/connectus-cluster",
            "name": "connectus-cluster",
            "service_connect_defaults": [],
            "setting": [
              {
                "name": "containerInsights",
                "value": "disabled"
              }
            ],
            "tags": {},
            "tags_all": {}
          },
          "sensitive_attributes": [],
          "private": "bnVsbA=="
        }
      ]
    },
    {
      "mode": "managed",
      "type": "aws_ecs_service",
      "name": "connectus_service",
      "provider": "provider[\"registry.terraform.io/hashicorp/aws\"]",
      "instances": [
        {
          "schema_version": 0,
          "attributes": {
            "alarms": [],
            "capacity_provider_strategy": [],
            "cluster": "arn:aws:ecs:us-west-1:767828753202:cluster/connectus-cluster",
            "deployment_circuit_breaker": [
              {
                "enable": false,
                "rollback": false
              }
            ],
            "deployment_controller": [
              {
                "type": "ECS"
              }
            ],
            "deployment_maximum_percent": 200,
            "deployment_minimum_healthy_percent": 100,
            "desired_count": 2,
            "enable_ecs_managed_tags": false,
            "enable_execute_command": false,
            "force_new_deployment": null,
            "health_check_grace_period_seconds": 0,
            "iam_role": "/aws-service-role/ecs.amazonaws.com/AWSServiceRoleForECS",
            "id": "arn:aws:ecs:us-west-1:767828753202:service/connectus-cluster/connectus-service",
            "launch_type": "FARGATE",
            "load_balancer": [],
            "name": "connectus-service",
            "network_configuration": [
              {
                "assign_public_ip": false,
                "security_groups": [
                  "sg-07377b1b0dafc1e65"
                ],
                "subnets": [
                  "subnet-0926e07e4a112ff53",
                  "subnet-0ed13569f4ab34300"
                ]
              }
            ],
            "ordered_placement_strategy": [],
            "placement_constraints": [],
            "platform_version": "LATEST",
            "propagate_tags": "NONE",
            "scheduling_strategy": "REPLICA",
            "service_connect_configuration": [],
            "service_registries": [],
            "tags": {},
            "tags_all": {},
            "task_definition": "arn:aws:ecs:us-west-1:767828753202:task-definition/connectus-task:3",
            "timeouts": null,
            "triggers": {},
            "wait_for_steady_state": false
          },
          "sensitive_attributes": [],
          "private": "eyJlMmJmYjczMC1lY2FhLTExZTYtOGY4OC0zNDM2M2JjN2M0YzAiOnsiY3JlYXRlIjoxMjAwMDAwMDAwMDAwLCJkZWxldGUiOjEyMDAwMDAwMDAwMDAsInVwZGF0ZSI6MTIwMDAwMDAwMDAwMH19",
          "dependencies": [
            "aws_ecs_cluster.connectus_ecs_cluster",
            "aws_ecs_task_definition.connectus_task_definition",
            "aws_iam_role.ecs_execution_role",
            "aws_iam_role.ecs_task_role",
            "aws_security_group.connectus_sg",
            "aws_subnet.connectus_subnet",
            "aws_subnet.connectus_subnet_2",
            "aws_vpc.connectus_vpc"
          ]
        }
      ]
    },
    {
      "mode": "managed",
      "type": "aws_ecs_task_definition",
      "name": "connectus_task_definition",
      "provider": "provider[\"registry.terraform.io/hashicorp/aws\"]",
      "instances": [
        {
          "schema_version": 1,
          "attributes": {
            "arn": "arn:aws:ecs:us-west-1:767828753202:task-definition/connectus-task:3",
            "arn_without_revision": "arn:aws:ecs:us-west-1:767828753202:task-definition/connectus-task",
            "container_definitions": "[{\"cpu\":256,\"environment\":[],\"essential\":true,\"image\":\"your-docker-image\",\"memory\":512,\"mountPoints\":[],\"name\":\"connectus-container\",\"portMappings\":[{\"containerPort\":80,\"hostPort\":80,\"protocol\":\"tcp\"}],\"systemControls\":[],\"volumesFrom\":[]}]",
            "cpu": "256",
            "ephemeral_storage": [],
            "execution_role_arn": "arn:aws:iam::767828753202:role/ecs-execution-role",
            "family": "connectus-task",
            "id": "connectus-task",
            "inference_accelerator": [],
            "ipc_mode": "",
            "memory": "512",
            "network_mode": "awsvpc",
            "pid_mode": "",
            "placement_constraints": [],
            "proxy_configuration": [],
            "requires_compatibilities": [
              "FARGATE"
            ],
            "revision": 3,
            "runtime_platform": [],
            "skip_destroy": false,
            "tags": {},
            "tags_all": {},
            "task_role_arn": "arn:aws:iam::767828753202:role/ecs-task-role",
            "track_latest": false,
            "volume": []
          },
          "sensitive_attributes": [],
          "private": "eyJzY2hlbWFfdmVyc2lvbiI6IjEifQ==",
          "dependencies": [
            "aws_iam_role.ecs_execution_role",
            "aws_iam_role.ecs_task_role"
          ]
        }
      ]
    },
    {
      "mode": "managed",
      "type": "aws_iam_role",
      "name": "ecs_execution_role",
      "provider": "provider[\"registry.terraform.io/hashicorp/aws\"]",
      "instances": [
        {
          "schema_version": 0,
          "attributes": {
            "arn": "arn:aws:iam::767828753202:role/ecs-execution-role",
            "assume_role_policy": "{\"Statement\":[{\"Action\":\"sts:AssumeRole\",\"Effect\":\"Allow\",\"Principal\":{\"Service\":\"ecs-tasks.amazonaws.com\"}}],\"Version\":\"2012-10-17\"}",
            "create_date": "2024-12-04T03:26:32Z",
            "description": "",
            "force_detach_policies": false,
            "id": "ecs-execution-role",
            "inline_policy": [],
            "managed_policy_arns": [],
            "max_session_duration": 3600,
            "name": "ecs-execution-role",
            "name_prefix": "",
            "path": "/",
            "permissions_boundary": "",
            "tags": {},
            "tags_all": {},
            "unique_id": "AROA3FRRI7MZNGNTBRORS"
          },
          "sensitive_attributes": [],
          "private": "bnVsbA=="
        }
      ]
    },
    {
      "mode": "managed",
      "type": "aws_iam_role",
      "name": "ecs_task_role",
      "provider": "provider[\"registry.terraform.io/hashicorp/aws\"]",
      "instances": [
        {
          "schema_version": 0,
          "attributes": {
            "arn": "arn:aws:iam::767828753202:role/ecs-task-role",
            "assume_role_policy": "{\"Statement\":[{\"Action\":\"sts:AssumeRole\",\"Effect\":\"Allow\",\"Principal\":{\"Service\":\"ecs-tasks.amazonaws.com\"}}],\"Version\":\"2012-10-17\"}",
            "create_date": "2024-12-04T03:26:32Z",
            "description": "",
            "force_detach_policies": false,
            "id": "ecs-task-role",
            "inline_policy": [],
            "managed_policy_arns": [],
            "max_session_duration": 3600,
            "name": "ecs-task-role",
            "name_prefix": "",
            "path": "/",
            "permissions_boundary": "",
            "tags": {},
            "tags_all": {},
            "unique_id": "AROA3FRRI7MZBXUHQLS5G"
          },
          "sensitive_attributes": [],
          "private": "bnVsbA=="
        }
      ]
    },
    {
      "mode": "managed",
      "type": "aws_internet_gateway",
      "name": "connectus_igw",
      "provider": "provider[\"registry.terraform.io/hashicorp/aws\"]",
      "instances": [
        {
          "schema_version": 0,
          "attributes": {
            "arn": "arn:aws:ec2:us-west-1:767828753202:internet-gateway/igw-0a397c1e343123bfa",
            "id": "igw-0a397c1e343123bfa",
            "owner_id": "767828753202",
            "tags": {
              "Name": "connectus-igw"
            },
            "tags_all": {
              "Name": "connectus-igw"
            },
            "timeouts": null,
            "vpc_id": "vpc-011f925bcc27bb2d2"
          },
          "sensitive_attributes": [],
          "private": "eyJlMmJmYjczMC1lY2FhLTExZTYtOGY4OC0zNDM2M2JjN2M0YzAiOnsiY3JlYXRlIjoxMjAwMDAwMDAwMDAwLCJkZWxldGUiOjEyMDAwMDAwMDAwMDAsInVwZGF0ZSI6MTIwMDAwMDAwMDAwMH19",
          "dependencies": [
            "aws_vpc.connectus_vpc"
          ]
        }
      ]
    },
    {
      "mode": "managed",
      "type": "aws_key_pair",
      "name": "key_pair",
      "provider": "provider[\"registry.terraform.io/hashicorp/aws\"]",
      "instances": [
        {
          "schema_version": 1,
          "attributes": {
            "arn": "arn:aws:ec2:us-west-1:767828753202:key-pair/key",
            "fingerprint": "99:64:21:18:89:fc:2f:fb:05:dc:5d:20:fd:40:70:1a",
            "id": "key",
            "key_name": "key",
            "key_name_prefix": "",
            "key_pair_id": "key-0dc72530a093e9257",
            "key_type": "rsa",
            "public_key": "ssh-rsa AAAAB3NzaC1yc2EAAAADAQABAAACAQC3VJzvRadwR6GslhaZ05DUdmksL9NkqGg4hPgxrkoPzYpjIOIA4ztGpaY5NSdD9Jv17byd3OKf2u4KyZW42htycjh02+yTcIc5Xv+xQBHyTdN7wkG49kwLJCbWK+3nKINARzuFvCDv/Wyz+WURhwTmGq6f1GN+i/29gPzbL4D8hwiSZGfJdXv1TOUWsLeDi6ma3Uy8q16Q8r7uG2xocbFRmHq8LYGIWnhW46Lxy9XG1SQuK/DK6ugfAK0tp8xuHEfwh3ls5Bo2HhUyj7BPBUYXTunKjEX9ZNbbZkrGfh6NAXTQ8p6gI3s7jLHb1g4el6+jFw+i8kHqkixLg6AG9ojL8khWoTaMQU2uuhJSoM2ooVcYGB7f5GQn9fxEiCzagJqn7shDDGlYcDzrtB/Xlx/PCAJIG/Q5Bc32ZoA7yDKOMLND3SKiSLX7H+opz/Mim31w84eMpNw8VOBM4K2cfjoX5iIfpAoDSJlOn63ecOvPiR5oO0eEU42N89+HzjBY+/R+RActaGW7akeTGulv15EdTlGP0v4BgLISz0Wvv50gj2OUQiBiM2Gq3TqxicKn3sVFvKZecUQ07a2zNG4dz0EGTHL1hWeDgc+sUIdjuCicilJRUZKWnOFZEd0jQ0LHZLAcJe96CmQxmnWOJrlcypZNBGk+yzCWRAjXUQRTGvEtGw==",
            "tags": {},
            "tags_all": {}
          },
          "sensitive_attributes": [],
          "private": "eyJzY2hlbWFfdmVyc2lvbiI6IjEifQ==",
          "dependencies": [
            "tls_private_key.key"
          ],
          "create_before_destroy": true
        }
      ]
    },
    {
      "mode": "managed",
      "type": "aws_launch_template",
      "name": "app_server_launch",
      "provider": "provider[\"registry.terraform.io/hashicorp/aws\"]",
      "instances": [
        {
          "schema_version": 0,
          "attributes": {
            "arn": "arn:aws:ec2:us-west-1:767828753202:launch-template/lt-025a92c7caffc9677",
            "block_device_mappings": [],
            "capacity_reservation_specification": [],
            "cpu_options": [],
            "credit_specification": [],
            "default_version": 1,
            "description": "",
            "disable_api_stop": false,
            "disable_api_termination": false,
            "ebs_optimized": "",
            "elastic_gpu_specifications": [],
            "elastic_inference_accelerator": [],
            "enclave_options": [],
            "hibernation_options": [],
            "iam_instance_profile": [],
            "id": "lt-025a92c7caffc9677",
            "image_id": "ami-0d53d72369335a9d6",
            "instance_initiated_shutdown_behavior": "",
            "instance_market_options": [],
            "instance_requirements": [],
            "instance_type": "t2.micro",
            "kernel_id": "",
            "key_name": "key",
            "latest_version": 1,
            "license_specification": [],
            "maintenance_options": [],
            "metadata_options": [],
            "monitoring": [],
            "name": "connectus-app-server20241204032654417400000003",
            "name_prefix": "connectus-app-server",
            "network_interfaces": [
              {
                "associate_carrier_ip_address": "",
                "associate_public_ip_address": "true",
                "delete_on_termination": "",
                "description": "",
                "device_index": 0,
                "interface_type": "",
                "ipv4_address_count": 0,
                "ipv4_addresses": [],
                "ipv4_prefix_count": 0,
                "ipv4_prefixes": [],
                "ipv6_address_count": 0,
                "ipv6_addresses": [],
                "ipv6_prefix_count": 0,
                "ipv6_prefixes": [],
                "network_card_index": 0,
                "network_interface_id": "",
                "private_ip_address": "",
                "security_groups": [
                  "sg-07377b1b0dafc1e65"
                ],
                "subnet_id": "subnet-0926e07e4a112ff53"
              }
            ],
            "placement": [],
            "private_dns_name_options": [],
            "ram_disk_id": "",
            "security_group_names": [],
            "tag_specifications": [],
            "tags": {},
            "tags_all": {},
            "update_default_version": null,
            "user_data": "",
            "vpc_security_group_ids": []
          },
          "sensitive_attributes": [],
          "private": "bnVsbA==",
          "dependencies": [
            "aws_key_pair.key_pair",
            "aws_security_group.connectus_sg",
            "aws_subnet.connectus_subnet",
            "aws_vpc.connectus_vpc",
            "tls_private_key.key"
          ],
          "create_before_destroy": true
        }
      ]
    },
    {
      "mode": "managed",
      "type": "aws_lb",
      "name": "connectus_lb",
      "provider": "provider[\"registry.terraform.io/hashicorp/aws\"]",
      "instances": [
        {
          "schema_version": 0,
          "attributes": {
            "access_logs": [
              {
                "bucket": "",
                "enabled": false,
                "prefix": ""
              }
            ],
            "arn": "arn:aws:elasticloadbalancing:us-west-1:767828753202:loadbalancer/app/connectus-lb/2247222d493ef451",
            "arn_suffix": "app/connectus-lb/2247222d493ef451",
            "client_keep_alive": 3600,
            "connection_logs": [
              {
                "bucket": "",
                "enabled": false,
                "prefix": ""
              }
            ],
            "customer_owned_ipv4_pool": "",
            "desync_mitigation_mode": "defensive",
            "dns_name": "connectus-lb-565827777.us-west-1.elb.amazonaws.com",
            "dns_record_client_routing_policy": null,
            "drop_invalid_header_fields": false,
            "enable_cross_zone_load_balancing": true,
            "enable_deletion_protection": false,
            "enable_http2": true,
            "enable_tls_version_and_cipher_suite_headers": false,
            "enable_waf_fail_open": false,
            "enable_xff_client_port": false,
            "enforce_security_group_inbound_rules_on_private_link_traffic": "",
            "id": "arn:aws:elasticloadbalancing:us-west-1:767828753202:loadbalancer/app/connectus-lb/2247222d493ef451",
            "idle_timeout": 60,
            "internal": false,
            "ip_address_type": "ipv4",
            "load_balancer_type": "application",
            "name": "connectus-lb",
            "name_prefix": "",
            "preserve_host_header": false,
            "security_groups": [
              "sg-07377b1b0dafc1e65"
            ],
            "subnet_mapping": [
              {
                "allocation_id": "",
                "ipv6_address": "",
                "outpost_id": "",
                "private_ipv4_address": "",
                "subnet_id": "subnet-0926e07e4a112ff53"
              },
              {
                "allocation_id": "",
                "ipv6_address": "",
                "outpost_id": "",
                "private_ipv4_address": "",
                "subnet_id": "subnet-0ed13569f4ab34300"
              }
            ],
            "subnets": [
              "subnet-0926e07e4a112ff53",
              "subnet-0ed13569f4ab34300"
            ],
            "tags": {},
            "tags_all": {},
            "timeouts": null,
            "vpc_id": "vpc-011f925bcc27bb2d2",
            "xff_header_processing_mode": "append",
            "zone_id": "Z368ELLRRE2KJ0"
          },
          "sensitive_attributes": [],
          "private": "eyJlMmJmYjczMC1lY2FhLTExZTYtOGY4OC0zNDM2M2JjN2M0YzAiOnsiY3JlYXRlIjo2MDAwMDAwMDAwMDAsImRlbGV0ZSI6NjAwMDAwMDAwMDAwLCJ1cGRhdGUiOjYwMDAwMDAwMDAwMH19",
          "dependencies": [
            "aws_security_group.connectus_sg",
            "aws_subnet.connectus_subnet",
            "aws_subnet.connectus_subnet_2",
            "aws_vpc.connectus_vpc"
          ]
        }
      ]
    },
    {
      "mode": "managed",
      "type": "aws_lb_listener",
      "name": "connectus_lb_listener",
      "provider": "provider[\"registry.terraform.io/hashicorp/aws\"]",
      "instances": [
        {
          "schema_version": 0,
          "attributes": {
            "alpn_policy": null,
            "arn": "arn:aws:elasticloadbalancing:us-west-1:767828753202:listener/app/connectus-lb/2247222d493ef451/cf56acfdf84274d2",
            "certificate_arn": null,
            "default_action": [
              {
                "authenticate_cognito": [],
                "authenticate_oidc": [],
                "fixed_response": [],
                "forward": [],
                "order": 1,
                "redirect": [],
                "target_group_arn": "arn:aws:elasticloadbalancing:us-west-1:767828753202:targetgroup/connectus-target-group/0255eb39d41a04f4",
                "type": "forward"
              }
            ],
            "id": "arn:aws:elasticloadbalancing:us-west-1:767828753202:listener/app/connectus-lb/2247222d493ef451/cf56acfdf84274d2",
            "load_balancer_arn": "arn:aws:elasticloadbalancing:us-west-1:767828753202:loadbalancer/app/connectus-lb/2247222d493ef451",
            "mutual_authentication": [],
            "port": 80,
            "protocol": "HTTP",
            "ssl_policy": "",
            "tags": {},
            "tags_all": {},
            "timeouts": null
          },
          "sensitive_attributes": [],
          "private": "eyJlMmJmYjczMC1lY2FhLTExZTYtOGY4OC0zNDM2M2JjN2M0YzAiOnsiY3JlYXRlIjozMDAwMDAwMDAwMDAsInVwZGF0ZSI6MzAwMDAwMDAwMDAwfX0=",
          "dependencies": [
            "aws_lb.connectus_lb",
            "aws_lb_target_group.connectus_target_group",
            "aws_security_group.connectus_sg",
            "aws_subnet.connectus_subnet",
            "aws_subnet.connectus_subnet_2",
            "aws_vpc.connectus_vpc"
          ]
        }
      ]
    },
    {
      "mode": "managed",
      "type": "aws_lb_target_group",
      "name": "connectus_target_group",
      "provider": "provider[\"registry.terraform.io/hashicorp/aws\"]",
      "instances": [
        {
          "schema_version": 0,
          "attributes": {
            "arn": "arn:aws:elasticloadbalancing:us-west-1:767828753202:targetgroup/connectus-target-group/0255eb39d41a04f4",
            "arn_suffix": "targetgroup/connectus-target-group/0255eb39d41a04f4",
            "connection_termination": null,
            "deregistration_delay": "300",
            "health_check": [
              {
                "enabled": true,
                "healthy_threshold": 5,
                "interval": 30,
                "matcher": "200",
                "path": "/",
                "port": "traffic-port",
                "protocol": "HTTP",
                "timeout": 5,
                "unhealthy_threshold": 2
              }
            ],
            "id": "arn:aws:elasticloadbalancing:us-west-1:767828753202:targetgroup/connectus-target-group/0255eb39d41a04f4",
            "ip_address_type": "ipv4",
            "lambda_multi_value_headers_enabled": false,
            "load_balancer_arns": [
              "arn:aws:elasticloadbalancing:us-west-1:767828753202:loadbalancer/app/connectus-lb/2247222d493ef451"
            ],
            "load_balancing_algorithm_type": "round_robin",
            "load_balancing_anomaly_mitigation": "off",
            "load_balancing_cross_zone_enabled": "use_load_balancer_configuration",
            "name": "connectus-target-group",
            "name_prefix": "",
            "port": 80,
            "preserve_client_ip": null,
            "protocol": "HTTP",
            "protocol_version": "HTTP1",
            "proxy_protocol_v2": false,
            "slow_start": 0,
            "stickiness": [
              {
                "cookie_duration": 86400,
                "cookie_name": "",
                "enabled": false,
                "type": "lb_cookie"
              }
            ],
            "tags": {},
            "tags_all": {},
            "target_failover": [
              {
                "on_deregistration": null,
                "on_unhealthy": null
              }
            ],
            "target_health_state": [
              {
                "enable_unhealthy_connection_termination": null
              }
            ],
            "target_type": "instance",
            "vpc_id": "vpc-011f925bcc27bb2d2"
          },
          "sensitive_attributes": [],
          "private": "bnVsbA==",
          "dependencies": [
            "aws_vpc.connectus_vpc"
          ]
        }
      ]
    },
    {
      "mode": "managed",
      "type": "aws_s3_bucket",
      "name": "connectus_media",
      "provider": "provider[\"registry.terraform.io/hashicorp/aws\"]",
      "instances": [
        {
          "schema_version": 0,
          "attributes": {
            "acceleration_status": "",
            "acl": null,
            "arn": "arn:aws:s3:::connectus-media-bucket",
            "bucket": "connectus-media-bucket",
            "bucket_domain_name": "connectus-media-bucket.s3.amazonaws.com",
            "bucket_prefix": "",
            "bucket_regional_domain_name": "connectus-media-bucket.s3.us-west-1.amazonaws.com",
            "cors_rule": [],
            "force_destroy": false,
            "grant": [
              {
                "id": "cac2d222291fb33d588dd0bc881772e5f5cbc868ad888e4489082fc0244d7938",
                "permissions": [
                  "FULL_CONTROL"
                ],
                "type": "CanonicalUser",
                "uri": ""
              }
            ],
            "hosted_zone_id": "Z2F56UZL2M1ACD",
            "id": "connectus-media-bucket",
            "lifecycle_rule": [],
            "logging": [],
            "object_lock_configuration": [],
            "object_lock_enabled": false,
            "policy": "",
            "region": "us-west-1",
            "replication_configuration": [],
            "request_payer": "BucketOwner",
            "server_side_encryption_configuration": [
              {
                "rule": [
                  {
                    "apply_server_side_encryption_by_default": [
                      {
                        "kms_master_key_id": "",
                        "sse_algorithm": "AES256"
                      }
                    ],
                    "bucket_key_enabled": false
                  }
                ]
              }
            ],
            "tags": {},
            "tags_all": {},
            "timeouts": null,
            "versioning": [
              {
                "enabled": false,
                "mfa_delete": false
              }
            ],
            "website": [],
            "website_domain": null,
            "website_endpoint": null
          },
          "sensitive_attributes": [],
          "private": "eyJlMmJmYjczMC1lY2FhLTExZTYtOGY4OC0zNDM2M2JjN2M0YzAiOnsiY3JlYXRlIjoxMjAwMDAwMDAwMDAwLCJkZWxldGUiOjM2MDAwMDAwMDAwMDAsInJlYWQiOjEyMDAwMDAwMDAwMDAsInVwZGF0ZSI6MTIwMDAwMDAwMDAwMH19"
        }
      ]
    },
    {
      "mode": "managed",
      "type": "aws_s3_object",
      "name": "connectus_media_acl",
      "provider": "provider[\"registry.terraform.io/hashicorp/aws\"]",
      "instances": [
        {
          "schema_version": 0,
          "attributes": {
            "acl": "private",
            "arn": "arn:aws:s3:::connectus-media-bucket/key.pem",
            "bucket": "connectus-media-bucket",
            "bucket_key_enabled": false,
            "cache_control": "",
            "checksum_algorithm": null,
            "checksum_crc32": "",
            "checksum_crc32c": "",
            "checksum_sha1": "",
            "checksum_sha256": "",
            "content": null,
            "content_base64": null,
            "content_disposition": "",
            "content_encoding": "",
            "content_language": "",
            "content_type": "application/octet-stream",
            "etag": "de5fd565e57b09de501a07853ad29a24",
            "force_destroy": false,
            "id": "key.pem",
            "key": "key.pem",
            "kms_key_id": null,
            "metadata": {},
            "object_lock_legal_hold_status": "",
            "object_lock_mode": "",
            "object_lock_retain_until_date": "",
            "override_provider": [],
            "server_side_encryption": "AES256",
            "source": "/home/ryan/lab-final-laisensei/lab-final-laisensei/key.pem",
            "source_hash": null,
            "storage_class": "STANDARD",
            "tags": {},
            "tags_all": {},
            "version_id": "",
            "website_redirect": ""
          },
          "sensitive_attributes": [],
          "private": "bnVsbA==",
          "dependencies": [
            "aws_s3_bucket.connectus_media"
          ]
        }
      ]
    },
    {
      "mode": "managed",
      "type": "aws_security_group",
      "name": "connectus_sg",
      "provider": "provider[\"registry.terraform.io/hashicorp/aws\"]",
      "instances": [
        {
          "schema_version": 1,
          "attributes": {
            "arn": "arn:aws:ec2:us-west-1:767828753202:security-group/sg-07377b1b0dafc1e65",
            "description": "Security group for ConnectUs application",
            "egress": [
              {
                "cidr_blocks": [
                  "0.0.0.0/0"
                ],
                "description": "",
                "from_port": 0,
                "ipv6_cidr_blocks": [],
                "prefix_list_ids": [],
                "protocol": "-1",
                "security_groups": [],
                "self": false,
                "to_port": 0
              }
            ],
            "id": "sg-07377b1b0dafc1e65",
            "ingress": [
              {
                "cidr_blocks": [
                  "10.0.0.0/16"
                ],
                "description": "",
                "from_port": 5432,
                "ipv6_cidr_blocks": [],
                "prefix_list_ids": [],
                "protocol": "tcp",
                "security_groups": [],
                "self": false,
                "to_port": 5432
              }
            ],
            "name": "connectus-sg",
            "name_prefix": "",
            "owner_id": "767828753202",
            "revoke_rules_on_delete": false,
            "tags": {},
            "tags_all": {},
            "timeouts": null,
            "vpc_id": "vpc-011f925bcc27bb2d2"
          },
          "sensitive_attributes": [],
          "private": "eyJlMmJmYjczMC1lY2FhLTExZTYtOGY4OC0zNDM2M2JjN2M0YzAiOnsiY3JlYXRlIjo2MDAwMDAwMDAwMDAsImRlbGV0ZSI6OTAwMDAwMDAwMDAwfSwic2NoZW1hX3ZlcnNpb24iOiIxIn0=",
          "dependencies": [
            "aws_vpc.connectus_vpc"
          ],
          "create_before_destroy": true
        }
      ]
    },
    {
      "mode": "managed",
      "type": "aws_subnet",
      "name": "connectus_subnet",
      "provider": "provider[\"registry.terraform.io/hashicorp/aws\"]",
      "instances": [
        {
          "schema_version": 1,
          "attributes": {
            "arn": "arn:aws:ec2:us-west-1:767828753202:subnet/subnet-0926e07e4a112ff53",
            "assign_ipv6_address_on_creation": false,
            "availability_zone": "us-west-1a",
            "availability_zone_id": "usw1-az1",
            "cidr_block": "10.0.1.0/24",
            "customer_owned_ipv4_pool": "",
            "enable_dns64": false,
            "enable_lni_at_device_index": 0,
            "enable_resource_name_dns_a_record_on_launch": false,
            "enable_resource_name_dns_aaaa_record_on_launch": false,
            "id": "subnet-0926e07e4a112ff53",
            "ipv6_cidr_block": "",
            "ipv6_cidr_block_association_id": "",
            "ipv6_native": false,
            "map_customer_owned_ip_on_launch": false,
            "map_public_ip_on_launch": true,
            "outpost_arn": "",
            "owner_id": "767828753202",
            "private_dns_hostname_type_on_launch": "ip-name",
            "tags": {
              "Name": "connectus-subnet"
            },
            "tags_all": {
              "Name": "connectus-subnet"
            },
            "timeouts": null,
            "vpc_id": "vpc-011f925bcc27bb2d2"
          },
          "sensitive_attributes": [],
          "private": "eyJlMmJmYjczMC1lY2FhLTExZTYtOGY4OC0zNDM2M2JjN2M0YzAiOnsiY3JlYXRlIjo2MDAwMDAwMDAwMDAsImRlbGV0ZSI6MTIwMDAwMDAwMDAwMH0sInNjaGVtYV92ZXJzaW9uIjoiMSJ9",
          "dependencies": [
            "aws_vpc.connectus_vpc"
          ],
          "create_before_destroy": true
        }
      ]
    },
    {
      "mode": "managed",
      "type": "aws_subnet",
      "name": "connectus_subnet_2",
      "provider": "provider[\"registry.terraform.io/hashicorp/aws\"]",
      "instances": [
        {
          "schema_version": 1,
          "attributes": {
            "arn": "arn:aws:ec2:us-west-1:767828753202:subnet/subnet-0ed13569f4ab34300",
            "assign_ipv6_address_on_creation": false,
            "availability_zone": "us-west-1c",
            "availability_zone_id": "usw1-az3",
            "cidr_block": "10.0.2.0/24",
            "customer_owned_ipv4_pool": "",
            "enable_dns64": false,
            "enable_lni_at_device_index": 0,
            "enable_resource_name_dns_a_record_on_launch": false,
            "enable_resource_name_dns_aaaa_record_on_launch": false,
            "id": "subnet-0ed13569f4ab34300",
            "ipv6_cidr_block": "",
            "ipv6_cidr_block_association_id": "",
            "ipv6_native": false,
            "map_customer_owned_ip_on_launch": false,
            "map_public_ip_on_launch": true,
            "outpost_arn": "",
            "owner_id": "767828753202",
            "private_dns_hostname_type_on_launch": "ip-name",
            "tags": {
              "Name": "connectus-subnet-2"
            },
            "tags_all": {
              "Name": "connectus-subnet-2"
            },
            "timeouts": null,
            "vpc_id": "vpc-011f925bcc27bb2d2"
          },
          "sensitive_attributes": [],
          "private": "eyJlMmJmYjczMC1lY2FhLTExZTYtOGY4OC0zNDM2M2JjN2M0YzAiOnsiY3JlYXRlIjo2MDAwMDAwMDAwMDAsImRlbGV0ZSI6MTIwMDAwMDAwMDAwMH0sInNjaGVtYV92ZXJzaW9uIjoiMSJ9",
          "dependencies": [
            "aws_vpc.connectus_vpc"
          ]
        }
      ]
    },
    {
      "mode": "managed",
      "type": "aws_vpc",
      "name": "connectus_vpc",
      "provider": "provider[\"registry.terraform.io/hashicorp/aws\"]",
      "instances": [
        {
          "schema_version": 1,
          "attributes": {
            "arn": "arn:aws:ec2:us-west-1:767828753202:vpc/vpc-011f925bcc27bb2d2",
            "assign_generated_ipv6_cidr_block": false,
            "cidr_block": "10.0.0.0/16",
            "default_network_acl_id": "acl-01609a476f1d338d7",
            "default_route_table_id": "rtb-00541e8e4df5f38b1",
            "default_security_group_id": "sg-09af4f260c6bdc251",
            "dhcp_options_id": "dopt-043d9e7a865595bf6",
            "enable_dns_hostnames": true,
            "enable_dns_support": true,
            "enable_network_address_usage_metrics": false,
            "id": "vpc-011f925bcc27bb2d2",
            "instance_tenancy": "default",
            "ipv4_ipam_pool_id": null,
            "ipv4_netmask_length": null,
            "ipv6_association_id": "",
            "ipv6_cidr_block": "",
            "ipv6_cidr_block_network_border_group": "",
            "ipv6_ipam_pool_id": "",
            "ipv6_netmask_length": 0,
            "main_route_table_id": "rtb-00541e8e4df5f38b1",
            "owner_id": "767828753202",
            "tags": {
              "Name": "connectus-vpc"
            },
            "tags_all": {
              "Name": "connectus-vpc"
            }
          },
          "sensitive_attributes": [],
          "private": "eyJzY2hlbWFfdmVyc2lvbiI6IjEifQ==",
          "create_before_destroy": true
        }
      ]
    },
    {
      "mode": "managed",
      "type": "tls_private_key",
      "name": "key",
      "provider": "provider[\"registry.terraform.io/hashicorp/tls\"]",
      "instances": [
        {
          "schema_version": 1,
          "attributes": {
            "algorithm": "RSA",
            "ecdsa_curve": "P224",
            "id": "2db9d9acccf3681d9b8f516ff4a22c73109da16f",
            "private_key_openssh": "-----BEGIN OPENSSH PRIVATE KEY-----\nb3BlbnNzaC1rZXktdjEAAAAABG5vbmUAAAAEbm9uZQAAAAAAAAABAAACFwAAAAdz\nc2gtcnNhAAAAAwEAAQAAAgEAt1Sc70WncEehrJYWmdOQ1HZpLC/TZKhoOIT4Ma5K\nD82KYyDiAOM7RqWmOTUnQ/Sb9e28ndzin9ruCsmVuNobcnI4dNvsk3CHOV7/sUAR\n8k3Te8JBuPZMCyQm1ivt5yiDQEc7hbwg7/1ss/llEYcE5hqun9Rjfov9vYD82y+A\n/IcIkmRnyXV79UzlFrC3g4upmt1MvKtekPK+7htsaHGxUZh6vC2BiFp4VuOi8cvV\nxtUkLivwyuroHwCtLafMbhxH8Id5bOQaNh4VMo+wTwVGF07pyoxF/WTW22ZKxn4e\njQF00PKeoCN7O4yx29YOHpevoxcPovJB6pIsS4OgBvaIy/JIVqE2jEFNrroSUqDN\nqKFXGBge3+RkJ/X8RIgs2oCap+7IQwxpWHA867Qf15cfzwgCSBv0OQXN9maAO8gy\njjCzQ90ioki1+x/qKc/zIpt9cPOHjKTcPFTgTOCtnH46F+YiH6QKA0iZTp+t3nDr\nz4keaDtHhFONjfPfh84wWPv0fkQHLWhlu2pHkxrpb9eRHU5Rj9L+AYCyEs9Fr7+d\nII9jlEIgYjNhqt06sYnCp97FRbymXnFENO2tszRuHc9BBkxy9YVng4HPrFCHY7go\nnIpSUVGSlpzhWRHdI0NCx2SwHCXvegpkMZp1jia5XMqWTQRpPsswlkQI11EEUxrx\nLRsAAAc4opWv96KVr/cAAAAHc3NoLXJzYQAAAgEAt1Sc70WncEehrJYWmdOQ1HZp\nLC/TZKhoOIT4Ma5KD82KYyDiAOM7RqWmOTUnQ/Sb9e28ndzin9ruCsmVuNobcnI4\ndNvsk3CHOV7/sUAR8k3Te8JBuPZMCyQm1ivt5yiDQEc7hbwg7/1ss/llEYcE5hqu\nn9Rjfov9vYD82y+A/IcIkmRnyXV79UzlFrC3g4upmt1MvKtekPK+7htsaHGxUZh6\nvC2BiFp4VuOi8cvVxtUkLivwyuroHwCtLafMbhxH8Id5bOQaNh4VMo+wTwVGF07p\nyoxF/WTW22ZKxn4ejQF00PKeoCN7O4yx29YOHpevoxcPovJB6pIsS4OgBvaIy/JI\nVqE2jEFNrroSUqDNqKFXGBge3+RkJ/X8RIgs2oCap+7IQwxpWHA867Qf15cfzwgC\nSBv0OQXN9maAO8gyjjCzQ90ioki1+x/qKc/zIpt9cPOHjKTcPFTgTOCtnH46F+Yi\nH6QKA0iZTp+t3nDrz4keaDtHhFONjfPfh84wWPv0fkQHLWhlu2pHkxrpb9eRHU5R\nj9L+AYCyEs9Fr7+dII9jlEIgYjNhqt06sYnCp97FRbymXnFENO2tszRuHc9BBkxy\n9YVng4HPrFCHY7gonIpSUVGSlpzhWRHdI0NCx2SwHCXvegpkMZp1jia5XMqWTQRp\nPsswlkQI11EEUxrxLRsAAAADAQABAAACAH6PmCOKh3P4z4DwwDuDlZlHAYYyohH8\nPK7ABQNvGcvdDmsumTcZp6M22hDmQ+wi4sQdUjf89Cp9HhYuYgER+R7CAX2TEbgb\nWA7gKU55N6p51cS7L1n8FjUeyPzTqNIK4skuI8ZIQMjMwA1i30YBWv1rcCAApIsJ\nI6t+b5D1M2uh4OYHEKtAQsnuQryuVJIoiXbSzZX2DDuuiOah4e4chtgYlqpwE9tI\n8Yiyb5vTJwqzu91wEjRThNlaQzOggn2FYpiHPelRc1Lm46VbEtEKh/+xR66/tdWf\nlsAx1u8+w+J+HeHdjGpq9DkBAQwNswOlnefOFMpdyemg7ZlYDdKgwYA2qbh+rp1S\n12ur9Alxab0OXn2f+775UYz9Peu1nJZfXeRFT3FbdT5zc8OdSa6uJboA1dGq7kh9\nd138z3vNusINdQRVDdPH2O76zKYyNy7CJJTxtav958v6tRS0FaL7BIeBl7fIBMwA\nqQB6MHb5doARaLcfoOTzaMDzvuiOFwmXrpwQ72Mq0iAO1CCnE7hrciK0VRKe+rqV\n6O4IhVRzLKPh2seH/fOeFLBhct/QBzr2RCu5pEiMdnW+cBAv+dRXxZhqnI7tE9jr\nQw5mznrD+zu4e4gLUnhkBIkHbP1ILDQX3TMZ8U8i4dEMa7FnwDfpuFLivINUbXHE\nK9W6bw1fFQwxAAABAGQSGWkGC9h4PIDqQp48+wnuRCpRpTjovRelP5aAw3yCnXd0\n++roMP9agmlGqNx0Glvy2VwQIWLKTsQawjNIns15nPY5+/e/E+vtKoNC7vyE34v0\nXK+iyaHMaUSDGA/IKEXs0knsD7g50yiRoQJ96cLPOanQnrH24Xts3H/FjZzII1uW\n8I+KhsoPe87Q1KWXi1Ba3YPyOb86sM3e9T7MWABjy6er09CFMi5iW5op0Kma6NCB\naf2yBeG3ZZneZpoGnZxAt+CQxaWIHLuXcwNjiQfrkIkItw8WCS2SAi8krPbqIHt/\nBLH24kWkbLtwoxr7QpSx4tQne46Bf4XrFJp+g6UAAAEBAOH6wwoEyGZ/vofnz4xe\n21vcGaCNGB0l4W5EqYSVcFOK8nn0hRrE21CrmV70kGD2n1uJ0dPYqbfQVTdjpRDy\ntLNoVPOS+2MSftz6k2bfLAxSm0tlwheNnSAauttz2DlG9LiUz7m1XQm+XG9WW9L1\nl81BhTnq2F7nxRQ3YzvGzKG8lfbFsKgMWki7cBcGW9hALj+bO/90BE6w2Mc3Qnkg\n6ZmTJEv4BFGIcZm/SMu4Dub8+bicgBbHKdFL+69hqKojbkX8s9PLh9J+JBJ55zd9\nTK7Vv13/49D0ZOtcxoXhu+O996K/mYe8gA19KFrSzrTPEk1kKcg2R30EMjSrGPmG\ntcMAAAEBAM+va2cgUJG5DOphY9T6rzyCRr0AMoW71/BuS+KHNCaHt+2LK4j7ivFT\nmC89VBRfZ02jTGZs35HND8OLSO9mSD6TSZ1zMnYwIrViKcVuYLah3OF8rscRjsy+\nMfx5115APZWuWVxQhMkDyA5I3wYRGPKGCLGLofHAkEJbHUADJUDlbWTfAlOTy/df\n8rhbg1ATDDqsToqIgNx0Gj2K40KTJcjMZSZXYN0tvVbzcY2Mmny38zcGl2BzyQLD\nCWPSpQRJSsbIf1lbiOTC93r4keToFYndHBEJ6l1EF3+L6Cvn/qRU2MfPGK34SR0L\nVNdzjpPjzO58emuuTFi0nTLo2RbfPckAAAAAAQID\n-----END OPENSSH PRIVATE KEY-----\n",
            "private_key_pem": "-----BEGIN RSA PRIVATE KEY-----\nMIIJKAIBAAKCAgEAt1Sc70WncEehrJYWmdOQ1HZpLC/TZKhoOIT4Ma5KD82KYyDi\nAOM7RqWmOTUnQ/Sb9e28ndzin9ruCsmVuNobcnI4dNvsk3CHOV7/sUAR8k3Te8JB\nuPZMCyQm1ivt5yiDQEc7hbwg7/1ss/llEYcE5hqun9Rjfov9vYD82y+A/IcIkmRn\nyXV79UzlFrC3g4upmt1MvKtekPK+7htsaHGxUZh6vC2BiFp4VuOi8cvVxtUkLivw\nyuroHwCtLafMbhxH8Id5bOQaNh4VMo+wTwVGF07pyoxF/WTW22ZKxn4ejQF00PKe\noCN7O4yx29YOHpevoxcPovJB6pIsS4OgBvaIy/JIVqE2jEFNrroSUqDNqKFXGBge\n3+RkJ/X8RIgs2oCap+7IQwxpWHA867Qf15cfzwgCSBv0OQXN9maAO8gyjjCzQ90i\noki1+x/qKc/zIpt9cPOHjKTcPFTgTOCtnH46F+YiH6QKA0iZTp+t3nDrz4keaDtH\nhFONjfPfh84wWPv0fkQHLWhlu2pHkxrpb9eRHU5Rj9L+AYCyEs9Fr7+dII9jlEIg\nYjNhqt06sYnCp97FRbymXnFENO2tszRuHc9BBkxy9YVng4HPrFCHY7gonIpSUVGS\nlpzhWRHdI0NCx2SwHCXvegpkMZp1jia5XMqWTQRpPsswlkQI11EEUxrxLRsCAwEA\nAQKCAgB+j5gjiodz+M+A8MA7g5WZRwGGMqIR/DyuwAUDbxnL3Q5rLpk3GaejNtoQ\n5kPsIuLEHVI3/PQqfR4WLmIBEfkewgF9kxG4G1gO4ClOeTeqedXEuy9Z/BY1Hsj8\n06jSCuLJLiPGSEDIzMANYt9GAVr9a3AgAKSLCSOrfm+Q9TNroeDmBxCrQELJ7kK8\nrlSSKIl20s2V9gw7rojmoeHuHIbYGJaqcBPbSPGIsm+b0ycKs7vdcBI0U4TZWkMz\noIJ9hWKYhz3pUXNS5uOlWxLRCof/sUeuv7XVn5bAMdbvPsPifh3h3YxqavQ5AQEM\nDbMDpZ3nzhTKXcnpoO2ZWA3SoMGANqm4fq6dUtdrq/QJcWm9Dl59n/u++VGM/T3r\ntZyWX13kRU9xW3U+c3PDnUmuriW6ANXRqu5IfXdd/M97zbrCDXUEVQ3Tx9ju+sym\nMjcuwiSU8bWr/efL+rUUtBWi+wSHgZe3yATMAKkAejB2+XaAEWi3H6Dk82jA877o\njhcJl66cEO9jKtIgDtQgpxO4a3IitFUSnvq6lejuCIVUcyyj4drHh/3znhSwYXLf\n0Ac69kQruaRIjHZ1vnAQL/nUV8WYapyO7RPY60MOZs56w/s7uHuIC1J4ZASJB2z9\nSCw0F90zGfFPIuHRDGuxZ8A36bhS4ryDVG1xxCvVum8NXxUMMQKCAQEA4frDCgTI\nZn++h+fPjF7bW9wZoI0YHSXhbkSphJVwU4ryefSFGsTbUKuZXvSQYPafW4nR09ip\nt9BVN2OlEPK0s2hU85L7YxJ+3PqTZt8sDFKbS2XCF42dIBq623PYOUb0uJTPubVd\nCb5cb1Zb0vWXzUGFOerYXufFFDdjO8bMobyV9sWwqAxaSLtwFwZb2EAuP5s7/3QE\nTrDYxzdCeSDpmZMkS/gEUYhxmb9Iy7gO5vz5uJyAFscp0Uv7r2GoqiNuRfyz08uH\n0n4kEnnnN31MrtW/Xf/j0PRk61zGheG74733or+Zh7yADX0oWtLOtM8STWQpyDZH\nfQQyNKsY+Ya1wwKCAQEAz69rZyBQkbkM6mFj1PqvPIJGvQAyhbvX8G5L4oc0Joe3\n7YsriPuK8VOYLz1UFF9nTaNMZmzfkc0Pw4tI72ZIPpNJnXMydjAitWIpxW5gtqHc\n4XyuxxGOzL4x/HnXXkA9la5ZXFCEyQPIDkjfBhEY8oYIsYuh8cCQQlsdQAMlQOVt\nZN8CU5PL91/yuFuDUBMMOqxOioiA3HQaPYrjQpMlyMxlJldg3S29VvNxjYyafLfz\nNwaXYHPJAsMJY9KlBElKxsh/WVuI5ML3eviR5OgVid0cEQnqXUQXf4voK+f+pFTY\nx88YrfhJHQtU13OOk+PM7nx6a65MWLSdMujZFt89yQKCAQBU1020jDkk6l8BLVHp\n1I8svMTOV0qvXtJ1EMhII8bpRqhkix4R/8iLT/GkCdPO46jOuD6T96s4fLoRspJ9\ne3HGTaxfSlahSodgtZ7zp2QlODpfo1Osfhl4vTBcRfDvCCnGxu/6PBIzH0oa7uRI\nnrYgdLHtHbOgZgnC3kyeW7PmISR4Yp5BaWnYFq8tpdCDrwzuCn0LGmanmJO6r4+A\nZI/vfaPJ9dLBPaXQ4FUXTwIhTOcAnZkldB7KGmni3ZpyTh0Pn6FwKeDTcVJfsW7S\nkXNhzJQtWW4RvD/LcaiDCU3+YgsACkk9AdNdvRiSiMTcc0Xe0nUxWteaIyIqTfZx\ncFb7AoIBAQCE1/AbRtBCZdudEC6LTM5KJgqZWkb2w/CcGfDwNQtmmelMSHjQZhW5\nx37QuKnPXjb1sj5sRbe7yy8KJU3B0+riG9Q6ojTk5GVPIDsXzkKOj3p5wQcKznBJ\nBl9y33yjDPRXie4e3mIRMhoFCRefCdCrUJC/AFHWERY1W5KaH2j02cvfecZDL4aH\n9ReMVPzpe0WXQh/6/NVwLdObCfvT2cuRZSxOGhYbY+Z4d79qi0VGAWPRDqZFS8qH\nubmH4HUtCLSL8jODNMmbihpCzjyD7u/X/1a0j2MZxTRCoXsgmoSHGL6RECb5IJej\nvFvIdGH+tveelIC54AN1uhHTPp2dw64BAoIBAGQSGWkGC9h4PIDqQp48+wnuRCpR\npTjovRelP5aAw3yCnXd0++roMP9agmlGqNx0Glvy2VwQIWLKTsQawjNIns15nPY5\n+/e/E+vtKoNC7vyE34v0XK+iyaHMaUSDGA/IKEXs0knsD7g50yiRoQJ96cLPOanQ\nnrH24Xts3H/FjZzII1uW8I+KhsoPe87Q1KWXi1Ba3YPyOb86sM3e9T7MWABjy6er\n09CFMi5iW5op0Kma6NCBaf2yBeG3ZZneZpoGnZxAt+CQxaWIHLuXcwNjiQfrkIkI\ntw8WCS2SAi8krPbqIHt/BLH24kWkbLtwoxr7QpSx4tQne46Bf4XrFJp+g6U=\n-----END RSA PRIVATE KEY-----\n",
            "private_key_pem_pkcs8": "-----BEGIN PRIVATE KEY-----\nMIIJQgIBADANBgkqhkiG9w0BAQEFAASCCSwwggkoAgEAAoICAQC3VJzvRadwR6Gs\nlhaZ05DUdmksL9NkqGg4hPgxrkoPzYpjIOIA4ztGpaY5NSdD9Jv17byd3OKf2u4K\nyZW42htycjh02+yTcIc5Xv+xQBHyTdN7wkG49kwLJCbWK+3nKINARzuFvCDv/Wyz\n+WURhwTmGq6f1GN+i/29gPzbL4D8hwiSZGfJdXv1TOUWsLeDi6ma3Uy8q16Q8r7u\nG2xocbFRmHq8LYGIWnhW46Lxy9XG1SQuK/DK6ugfAK0tp8xuHEfwh3ls5Bo2HhUy\nj7BPBUYXTunKjEX9ZNbbZkrGfh6NAXTQ8p6gI3s7jLHb1g4el6+jFw+i8kHqkixL\ng6AG9ojL8khWoTaMQU2uuhJSoM2ooVcYGB7f5GQn9fxEiCzagJqn7shDDGlYcDzr\ntB/Xlx/PCAJIG/Q5Bc32ZoA7yDKOMLND3SKiSLX7H+opz/Mim31w84eMpNw8VOBM\n4K2cfjoX5iIfpAoDSJlOn63ecOvPiR5oO0eEU42N89+HzjBY+/R+RActaGW7akeT\nGulv15EdTlGP0v4BgLISz0Wvv50gj2OUQiBiM2Gq3TqxicKn3sVFvKZecUQ07a2z\nNG4dz0EGTHL1hWeDgc+sUIdjuCicilJRUZKWnOFZEd0jQ0LHZLAcJe96CmQxmnWO\nJrlcypZNBGk+yzCWRAjXUQRTGvEtGwIDAQABAoICAH6PmCOKh3P4z4DwwDuDlZlH\nAYYyohH8PK7ABQNvGcvdDmsumTcZp6M22hDmQ+wi4sQdUjf89Cp9HhYuYgER+R7C\nAX2TEbgbWA7gKU55N6p51cS7L1n8FjUeyPzTqNIK4skuI8ZIQMjMwA1i30YBWv1r\ncCAApIsJI6t+b5D1M2uh4OYHEKtAQsnuQryuVJIoiXbSzZX2DDuuiOah4e4chtgY\nlqpwE9tI8Yiyb5vTJwqzu91wEjRThNlaQzOggn2FYpiHPelRc1Lm46VbEtEKh/+x\nR66/tdWflsAx1u8+w+J+HeHdjGpq9DkBAQwNswOlnefOFMpdyemg7ZlYDdKgwYA2\nqbh+rp1S12ur9Alxab0OXn2f+775UYz9Peu1nJZfXeRFT3FbdT5zc8OdSa6uJboA\n1dGq7kh9d138z3vNusINdQRVDdPH2O76zKYyNy7CJJTxtav958v6tRS0FaL7BIeB\nl7fIBMwAqQB6MHb5doARaLcfoOTzaMDzvuiOFwmXrpwQ72Mq0iAO1CCnE7hrciK0\nVRKe+rqV6O4IhVRzLKPh2seH/fOeFLBhct/QBzr2RCu5pEiMdnW+cBAv+dRXxZhq\nnI7tE9jrQw5mznrD+zu4e4gLUnhkBIkHbP1ILDQX3TMZ8U8i4dEMa7FnwDfpuFLi\nvINUbXHEK9W6bw1fFQwxAoIBAQDh+sMKBMhmf76H58+MXttb3BmgjRgdJeFuRKmE\nlXBTivJ59IUaxNtQq5le9JBg9p9bidHT2Km30FU3Y6UQ8rSzaFTzkvtjEn7c+pNm\n3ywMUptLZcIXjZ0gGrrbc9g5RvS4lM+5tV0JvlxvVlvS9ZfNQYU56the58UUN2M7\nxsyhvJX2xbCoDFpIu3AXBlvYQC4/mzv/dAROsNjHN0J5IOmZkyRL+ARRiHGZv0jL\nuA7m/Pm4nIAWxynRS/uvYaiqI25F/LPTy4fSfiQSeec3fUyu1b9d/+PQ9GTrXMaF\n4bvjvfeiv5mHvIANfSha0s60zxJNZCnINkd9BDI0qxj5hrXDAoIBAQDPr2tnIFCR\nuQzqYWPU+q88gka9ADKFu9fwbkvihzQmh7ftiyuI+4rxU5gvPVQUX2dNo0xmbN+R\nzQ/Di0jvZkg+k0mdczJ2MCK1YinFbmC2odzhfK7HEY7MvjH8eddeQD2VrllcUITJ\nA8gOSN8GERjyhgixi6HxwJBCWx1AAyVA5W1k3wJTk8v3X/K4W4NQEww6rE6KiIDc\ndBo9iuNCkyXIzGUmV2DdLb1W83GNjJp8t/M3Bpdgc8kCwwlj0qUESUrGyH9ZW4jk\nwvd6+JHk6BWJ3RwRCepdRBd/i+gr5/6kVNjHzxit+EkdC1TXc46T48zufHprrkxY\ntJ0y6NkW3z3JAoIBAFTXTbSMOSTqXwEtUenUjyy8xM5XSq9e0nUQyEgjxulGqGSL\nHhH/yItP8aQJ087jqM64PpP3qzh8uhGykn17ccZNrF9KVqFKh2C1nvOnZCU4Ol+j\nU6x+GXi9MFxF8O8IKcbG7/o8EjMfShru5EietiB0se0ds6BmCcLeTJ5bs+YhJHhi\nnkFpadgWry2l0IOvDO4KfQsaZqeYk7qvj4Bkj+99o8n10sE9pdDgVRdPAiFM5wCd\nmSV0HsoaaeLdmnJOHQ+foXAp4NNxUl+xbtKRc2HMlC1ZbhG8P8txqIMJTf5iCwAK\nST0B0129GJKIxNxzRd7SdTFa15ojIipN9nFwVvsCggEBAITX8BtG0EJl250QLotM\nzkomCplaRvbD8JwZ8PA1C2aZ6UxIeNBmFbnHftC4qc9eNvWyPmxFt7vLLwolTcHT\n6uIb1DqiNOTkZU8gOxfOQo6PennBBwrOcEkGX3LffKMM9FeJ7h7eYhEyGgUJF58J\n0KtQkL8AUdYRFjVbkpofaPTZy995xkMvhof1F4xU/Ol7RZdCH/r81XAt05sJ+9PZ\ny5FlLE4aFhtj5nh3v2qLRUYBY9EOpkVLyoe5uYfgdS0ItIvyM4M0yZuKGkLOPIPu\n79f/VrSPYxnFNEKheyCahIcYvpEQJvkgl6O8W8h0Yf62956UgLngA3W6EdM+nZ3D\nrgECggEAZBIZaQYL2Hg8gOpCnjz7Ce5EKlGlOOi9F6U/loDDfIKdd3T76ugw/1qC\naUao3HQaW/LZXBAhYspOxBrCM0iezXmc9jn7978T6+0qg0Lu/ITfi/Rcr6LJocxp\nRIMYD8goRezSSewPuDnTKJGhAn3pws85qdCesfbhe2zcf8WNnMgjW5bwj4qGyg97\nztDUpZeLUFrdg/I5vzqwzd71PsxYAGPLp6vT0IUyLmJbminQqZro0IFp/bIF4bdl\nmd5mmgadnEC34JDFpYgcu5dzA2OJB+uQiQi3DxYJLZICLySs9uoge38EsfbiRaRs\nu3CjGvtClLHi1Cd7joF/hesUmn6DpQ==\n-----END PRIVATE KEY-----\n",
            "public_key_fingerprint_md5": "f7:25:0d:88:5f:e1:39:9e:8e:55:7d:7e:66:92:3b:5a",
            "public_key_fingerprint_sha256": "SHA256:iRD8cR/Y3OUxyDsAdVYWD4lyVacmdRpOoOzCqyGjejY",
            "public_key_openssh": "ssh-rsa AAAAB3NzaC1yc2EAAAADAQABAAACAQC3VJzvRadwR6GslhaZ05DUdmksL9NkqGg4hPgxrkoPzYpjIOIA4ztGpaY5NSdD9Jv17byd3OKf2u4KyZW42htycjh02+yTcIc5Xv+xQBHyTdN7wkG49kwLJCbWK+3nKINARzuFvCDv/Wyz+WURhwTmGq6f1GN+i/29gPzbL4D8hwiSZGfJdXv1TOUWsLeDi6ma3Uy8q16Q8r7uG2xocbFRmHq8LYGIWnhW46Lxy9XG1SQuK/DK6ugfAK0tp8xuHEfwh3ls5Bo2HhUyj7BPBUYXTunKjEX9ZNbbZkrGfh6NAXTQ8p6gI3s7jLHb1g4el6+jFw+i8kHqkixLg6AG9ojL8khWoTaMQU2uuhJSoM2ooVcYGB7f5GQn9fxEiCzagJqn7shDDGlYcDzrtB/Xlx/PCAJIG/Q5Bc32ZoA7yDKOMLND3SKiSLX7H+opz/Mim31w84eMpNw8VOBM4K2cfjoX5iIfpAoDSJlOn63ecOvPiR5oO0eEU42N89+HzjBY+/R+RActaGW7akeTGulv15EdTlGP0v4BgLISz0Wvv50gj2OUQiBiM2Gq3TqxicKn3sVFvKZecUQ07a2zNG4dz0EGTHL1hWeDgc+sUIdjuCicilJRUZKWnOFZEd0jQ0LHZLAcJe96CmQxmnWOJrlcypZNBGk+yzCWRAjXUQRTGvEtGw==\n",
            "public_key_pem": "-----BEGIN PUBLIC KEY-----\nMIICIjANBgkqhkiG9w0BAQEFAAOCAg8AMIICCgKCAgEAt1Sc70WncEehrJYWmdOQ\n1HZpLC/TZKhoOIT4Ma5KD82KYyDiAOM7RqWmOTUnQ/Sb9e28ndzin9ruCsmVuNob\ncnI4dNvsk3CHOV7/sUAR8k3Te8JBuPZMCyQm1ivt5yiDQEc7hbwg7/1ss/llEYcE\n5hqun9Rjfov9vYD82y+A/IcIkmRnyXV79UzlFrC3g4upmt1MvKtekPK+7htsaHGx\nUZh6vC2BiFp4VuOi8cvVxtUkLivwyuroHwCtLafMbhxH8Id5bOQaNh4VMo+wTwVG\nF07pyoxF/WTW22ZKxn4ejQF00PKeoCN7O4yx29YOHpevoxcPovJB6pIsS4OgBvaI\ny/JIVqE2jEFNrroSUqDNqKFXGBge3+RkJ/X8RIgs2oCap+7IQwxpWHA867Qf15cf\nzwgCSBv0OQXN9maAO8gyjjCzQ90ioki1+x/qKc/zIpt9cPOHjKTcPFTgTOCtnH46\nF+YiH6QKA0iZTp+t3nDrz4keaDtHhFONjfPfh84wWPv0fkQHLWhlu2pHkxrpb9eR\nHU5Rj9L+AYCyEs9Fr7+dII9jlEIgYjNhqt06sYnCp97FRbymXnFENO2tszRuHc9B\nBkxy9YVng4HPrFCHY7gonIpSUVGSlpzhWRHdI0NCx2SwHCXvegpkMZp1jia5XMqW\nTQRpPsswlkQI11EEUxrxLRsCAwEAAQ==\n-----END PUBLIC KEY-----\n",
            "rsa_bits": 4096
          },
          "sensitive_attributes": [
            [
              {
                "type": "get_attr",
                "value": "private_key_pem"
              }
            ],
            [
              {
                "type": "get_attr",
                "value": "private_key_openssh"
              }
            ],
            [
              {
                "type": "get_attr",
                "value": "private_key_pem_pkcs8"
              }
            ]
          ],
          "create_before_destroy": true
        }
      ]
    }
  ],
  "check_results": null
}
